<?xml version="1.0" encoding="utf-8"?>
<Project ToolsVersion="4.0" xmlns="http://schemas.microsoft.com/developer/msbuild/2003">
  <ItemGroup>
    <Filter Include="Source Files">
      <UniqueIdentifier>{4FC737F1-C7A5-4376-A066-2A32D752A2FF}</UniqueIdentifier>
      <Extensions>cpp;c;cc;cxx;def;odl;idl;hpj;bat;asm;asmx</Extensions>
    </Filter>
    <Filter Include="Header Files">
      <UniqueIdentifier>{93995380-89BD-4b04-88EB-625FBE52EBFB}</UniqueIdentifier>
      <Extensions>h;hh;hpp;hxx;hm;inl;inc;xsd</Extensions>
    </Filter>
    <Filter Include="Resource Files">
      <UniqueIdentifier>{67DA6AB6-F800-4c08-8B7A-83BB121AAD01}</UniqueIdentifier>
      <Extensions>rc;ico;cur;bmp;dlg;rc2;rct;bin;rgs;gif;jpg;jpeg;jpe;resx;tiff;tif;png;wav;mfcribbon-ms</Extensions>
    </Filter>
    <Filter Include="Source Files\Test">
      <UniqueIdentifier>{6598b5d2-c13a-487c-a0a0-22782394ed9c}</UniqueIdentifier>
    </Filter>
    <Filter Include="Header Files\FileSystem">
      <UniqueIdentifier>{8f44d136-cd18-4668-891b-86c2ef500682}</UniqueIdentifier>
    </Filter>
    <Filter Include="Header Files\FileSystem\DirectoryTree">
      <UniqueIdentifier>{48735221-9174-4870-bc6d-b8eaaf56668b}</UniqueIdentifier>
    </Filter>
    <Filter Include="Source Files\FileSystem">
      <UniqueIdentifier>{9852c413-0f02-4dec-b578-bc6b3d19725b}</UniqueIdentifier>
    </Filter>
    <Filter Include="Source Files\FileSystem\DirectoryTree">
      <UniqueIdentifier>{ae4a5057-50f4-484c-aeb1-e8583cd6ee21}</UniqueIdentifier>
    </Filter>
    <Filter Include="Header Files\Stream">
      <UniqueIdentifier>{8a0b4b4f-8cac-4cac-a4d1-094950937323}</UniqueIdentifier>
    </Filter>
    <Filter Include="Source Files\Stream">
      <UniqueIdentifier>{7a01c807-ee2c-413f-bc02-5cf0a517ad45}</UniqueIdentifier>
    </Filter>
    <Filter Include="Header Files\Stream\Virtual">
      <UniqueIdentifier>{06c53edd-4772-4ab0-b841-bf650482a07f}</UniqueIdentifier>
    </Filter>
    <Filter Include="Header Files\Stream\File">
      <UniqueIdentifier>{910eabda-d42f-47f1-8091-49c152b46a52}</UniqueIdentifier>
    </Filter>
    <Filter Include="Source Files\Stream\File">
      <UniqueIdentifier>{16c1fb56-baaa-4e37-b8ab-5218658ca20d}</UniqueIdentifier>
    </Filter>
    <Filter Include="Source Files\Stream\Virtual">
      <UniqueIdentifier>{c2129483-bab3-4902-84a2-583e15c31c77}</UniqueIdentifier>
    </Filter>
  </ItemGroup>
  <ItemGroup>
    <ClCompile Include="block.cpp">
      <Filter>Source Files</Filter>
    </ClCompile>
    <ClCompile Include="blockdevice.cpp">
      <Filter>Source Files</Filter>
    </ClCompile>
    <ClCompile Include="memblockdevice.cpp">
      <Filter>Source Files</Filter>
    </ClCompile>
    <ClCompile Include="shell.cpp">
      <Filter>Source Files</Filter>
    </ClCompile>
    <ClCompile Include="memBlockTest.cpp">
      <Filter>Source Files\Test</Filter>
    </ClCompile>
    <ClCompile Include="blockTest.cpp">
      <Filter>Source Files\Test</Filter>
    </ClCompile>
    <ClCompile Include="DirectoryReference.cpp">
      <Filter>Source Files</Filter>
    </ClCompile>
    <ClCompile Include="Directory.cpp">
      <Filter>Source Files\FileSystem\DirectoryTree</Filter>
    </ClCompile>
    <ClCompile Include="DirectoryTree.cpp">
      <Filter>Source Files\FileSystem\DirectoryTree</Filter>
    </ClCompile>
    <ClCompile Include="filesystem.cpp">
      <Filter>Source Files\FileSystem</Filter>
    </ClCompile>
    <ClCompile Include="File.cpp">
      <Filter>Source Files\FileSystem</Filter>
    </ClCompile>
    <ClCompile Include="BlockManager.cpp">
      <Filter>Source Files\FileSystem</Filter>
    </ClCompile>
    <ClCompile Include="FileSystemHandle.cpp">
      <Filter>Source Files</Filter>
    </ClCompile>
    <ClCompile Include="BinaryReader.cpp">
      <Filter>Source Files\Stream</Filter>
    </ClCompile>
    <ClCompile Include="BinaryWriter.cpp">
      <Filter>Source Files\Stream</Filter>
    </ClCompile>
    <ClCompile Include="BinaryFileReader.cpp">
      <Filter>Source Files\Stream\File</Filter>
    </ClCompile>
    <ClCompile Include="BinaryFileWriter.cpp">
      <Filter>Source Files\Stream\File</Filter>
    </ClCompile>
    <ClCompile Include="VirtualReader.cpp">
      <Filter>Source Files\Stream\Virtual</Filter>
    </ClCompile>
    <ClCompile Include="VirtualStream.cpp">
      <Filter>Source Files\Stream\Virtual</Filter>
    </ClCompile>
    <ClCompile Include="VirtualWriter.cpp">
      <Filter>Source Files\Stream\Virtual</Filter>
    </ClCompile>
  </ItemGroup>
  <ItemGroup>
    <ClInclude Include="block.h">
      <Filter>Header Files</Filter>
    </ClInclude>
    <ClInclude Include="blockdevice.h">
      <Filter>Header Files</Filter>
    </ClInclude>
    <ClInclude Include="memblockdevice.h">
      <Filter>Header Files</Filter>
    </ClInclude>
    <ClInclude Include="DirectoryReference.h">
      <Filter>Header Files</Filter>
    </ClInclude>
    <ClInclude Include="resource.h">
      <Filter>Header Files</Filter>
    </ClInclude>
    <ClInclude Include="DirectoryAccess.h">
      <Filter>Header Files\FileSystem\DirectoryTree</Filter>
    </ClInclude>
    <ClInclude Include="Directory.h">
      <Filter>Header Files\FileSystem\DirectoryTree</Filter>
    </ClInclude>
    <ClInclude Include="DirectoryTree.h">
      <Filter>Header Files\FileSystem\DirectoryTree</Filter>
    </ClInclude>
    <ClInclude Include="filesystem.h">
      <Filter>Header Files\FileSystem</Filter>
    </ClInclude>
    <ClInclude Include="FileError.h">
      <Filter>Header Files\FileSystem</Filter>
    </ClInclude>
    <ClInclude Include="IBlockOwner.h">
      <Filter>Header Files\FileSystem</Filter>
    </ClInclude>
    <ClInclude Include="File.h">
      <Filter>Header Files\FileSystem</Filter>
    </ClInclude>
    <ClInclude Include="FileHeader.h">
      <Filter>Header Files\FileSystem</Filter>
    </ClInclude>
    <ClInclude Include="IDirectoryReference.h">
      <Filter>Header Files\FileSystem\DirectoryTree</Filter>
    </ClInclude>
    <ClInclude Include="FileReference.h">
      <Filter>Header Files\FileSystem</Filter>
    </ClInclude>
    <ClInclude Include="BlockManager.h">
      <Filter>Header Files\FileSystem</Filter>
    </ClInclude>
    <ClInclude Include="FileSystemHandle.h">
      <Filter>Header Files</Filter>
    </ClInclude>
    <ClInclude Include="BinaryReader.h">
      <Filter>Header Files\Stream</Filter>
    </ClInclude>
    <ClInclude Include="BinaryWriter.h">
      <Filter>Header Files\Stream</Filter>
    </ClInclude>
    <ClInclude Include="StringFunction.h">
      <Filter>Header Files\Stream</Filter>
    </ClInclude>
    <ClInclude Include="VirtualStream.h">
      <Filter>Header Files\Stream\Virtual</Filter>
    </ClInclude>
    <ClInclude Include="VirtualReader.h">
      <Filter>Header Files\Stream\Virtual</Filter>
    </ClInclude>
    <ClInclude Include="BinaryFileWriter.h">
      <Filter>Header Files\Stream\File</Filter>
    </ClInclude>
    <ClInclude Include="BinaryFileReader.h">
      <Filter>Header Files\Stream\File</Filter>
    </ClInclude>
    <ClInclude Include="VirtualWriter.h">
      <Filter>Header Files\Stream\File</Filter>
    </ClInclude>
  </ItemGroup>
  <ItemGroup>
    <ResourceCompile Include="File System.rc">
      <Filter>Resource Files</Filter>
    </ResourceCompile>
  </ItemGroup>
</Project>